// !$*UTF8*$!
{
	archiveVersion = 1;
	classes = {
	};
	objectVersion = 77;
	objects = {

/* Begin PBXBuildFile section */
		48F194842D3D80E1005D4FBA /* LazyPager in Frameworks */ = {isa = PBXBuildFile; productRef = 48F194832D3D80E1005D4FBA /* LazyPager */; };
		48F1948C2D3D8E39005D4FBA /* InteractiveImageView in Frameworks */ = {isa = PBXBuildFile; productRef = 48F1948B2D3D8E39005D4FBA /* InteractiveImageView */; };
/* End PBXBuildFile section */

/* Begin PBXContainerItemProxy section */
		489963B52D382E4200B7156B /* PBXContainerItemProxy */ = {
			isa = PBXContainerItemProxy;
			containerPortal = 4899639C2D382E4100B7156B /* Project object */;
			proxyType = 1;
			remoteGlobalIDString = 489963A32D382E4100B7156B;
			remoteInfo = accutaneDosage;
		};
		489963BF2D382E4200B7156B /* PBXContainerItemProxy */ = {
			isa = PBXContainerItemProxy;
			containerPortal = 4899639C2D382E4100B7156B /* Project object */;
			proxyType = 1;
			remoteGlobalIDString = 489963A32D382E4100B7156B;
			remoteInfo = accutaneDosage;
		};
/* End PBXContainerItemProxy section */

/* Begin PBXFileReference section */
		489963A42D382E4100B7156B /* accutaneDosage.app */ = {isa = PBXFileReference; explicitFileType = wrapper.application; includeInIndex = 0; path = accutaneDosage.app; sourceTree = BUILT_PRODUCTS_DIR; };
		489963B42D382E4200B7156B /* accutaneDosageTests.xctest */ = {isa = PBXFileReference; explicitFileType = wrapper.cfbundle; includeInIndex = 0; path = accutaneDosageTests.xctest; sourceTree = BUILT_PRODUCTS_DIR; };
		489963BE2D382E4200B7156B /* accutaneDosageUITests.xctest */ = {isa = PBXFileReference; explicitFileType = wrapper.cfbundle; includeInIndex = 0; path = accutaneDosageUITests.xctest; sourceTree = BUILT_PRODUCTS_DIR; };
/* End PBXFileReference section */

/* Begin PBXFileSystemSynchronizedRootGroup section */
		489963A62D382E4100B7156B /* accutaneDosage */ = {
			isa = PBXFileSystemSynchronizedRootGroup;
			path = accutaneDosage;
			sourceTree = "<group>";
		};
		489963B72D382E4200B7156B /* accutaneDosageTests */ = {
			isa = PBXFileSystemSynchronizedRootGroup;
			path = accutaneDosageTests;
			sourceTree = "<group>";
		};
		489963C12D382E4200B7156B /* accutaneDosageUITests */ = {
			isa = PBXFileSystemSynchronizedRootGroup;
			path = accutaneDosageUITests;
			sourceTree = "<group>";
		};
/* End PBXFileSystemSynchronizedRootGroup section */

/* Begin PBXFrameworksBuildPhase section */
		489963A12D382E4100B7156B /* Frameworks */ = {
			isa = PBXFrameworksBuildPhase;
			buildActionMask = 2147483647;
			files = (
				48F1948C2D3D8E39005D4FBA /* InteractiveImageView in Frameworks */,
				48F194842D3D80E1005D4FBA /* LazyPager in Frameworks */,
			);
			runOnlyForDeploymentPostprocessing = 0;
		};
		489963B12D382E4200B7156B /* Frameworks */ = {
			isa = PBXFrameworksBuildPhase;
			buildActionMask = 2147483647;
			files = (
			);
			runOnlyForDeploymentPostprocessing = 0;
		};
		489963BB2D382E4200B7156B /* Frameworks */ = {
			isa = PBXFrameworksBuildPhase;
			buildActionMask = 2147483647;
			files = (
			);
			runOnlyForDeploymentPostprocessing = 0;
		};
/* End PBXFrameworksBuildPhase section */

/* Begin PBXGroup section */
		4899639B2D382E4100B7156B = {
			isa = PBXGroup;
			children = (
				489963A62D382E4100B7156B /* accutaneDosage */,
				489963B72D382E4200B7156B /* accutaneDosageTests */,
				489963C12D382E4200B7156B /* accutaneDosageUITests */,
				489963A52D382E4100B7156B /* Products */,
			);
			sourceTree = "<group>";
		};
		489963A52D382E4100B7156B /* Products */ = {
			isa = PBXGroup;
			children = (
				489963A42D382E4100B7156B /* accutaneDosage.app */,
				489963B42D382E4200B7156B /* accutaneDosageTests.xctest */,
				489963BE2D382E4200B7156B /* accutaneDosageUITests.xctest */,
			);
			name = Products;
			sourceTree = "<group>";
		};
/* End PBXGroup section */

/* Begin PBXNativeTarget section */
		489963A32D382E4100B7156B /* accutaneDosage */ = {
			isa = PBXNativeTarget;
			buildConfigurationList = 489963C82D382E4200B7156B /* Build configuration list for PBXNativeTarget "accutaneDosage" */;
			buildPhases = (
				489963A02D382E4100B7156B /* Sources */,
				489963A12D382E4100B7156B /* Frameworks */,
				489963A22D382E4100B7156B /* Resources */,
			);
			buildRules = (
			);
			dependencies = (
			);
			fileSystemSynchronizedGroups = (
				489963A62D382E4100B7156B /* accutaneDosage */,
			);
			name = accutaneDosage;
			packageProductDependencies = (
				48F194832D3D80E1005D4FBA /* LazyPager */,
				48F1948B2D3D8E39005D4FBA /* InteractiveImageView */,
			);
			productName = accutaneDosage;
			productReference = 489963A42D382E4100B7156B /* accutaneDosage.app */;
			productType = "com.apple.product-type.application";
		};
		489963B32D382E4200B7156B /* accutaneDosageTests */ = {
			isa = PBXNativeTarget;
			buildConfigurationList = 489963CB2D382E4200B7156B /* Build configuration list for PBXNativeTarget "accutaneDosageTests" */;
			buildPhases = (
				489963B02D382E4200B7156B /* Sources */,
				489963B12D382E4200B7156B /* Frameworks */,
				489963B22D382E4200B7156B /* Resources */,
			);
			buildRules = (
			);
			dependencies = (
				489963B62D382E4200B7156B /* PBXTargetDependency */,
			);
			fileSystemSynchronizedGroups = (
				489963B72D382E4200B7156B /* accutaneDosageTests */,
			);
			name = accutaneDosageTests;
			packageProductDependencies = (
			);
			productName = accutaneDosageTests;
			productReference = 489963B42D382E4200B7156B /* accutaneDosageTests.xctest */;
			productType = "com.apple.product-type.bundle.unit-test";
		};
		489963BD2D382E4200B7156B /* accutaneDosageUITests */ = {
			isa = PBXNativeTarget;
			buildConfigurationList = 489963CE2D382E4200B7156B /* Build configuration list for PBXNativeTarget "accutaneDosageUITests" */;
			buildPhases = (
				489963BA2D382E4200B7156B /* Sources */,
				489963BB2D382E4200B7156B /* Frameworks */,
				489963BC2D382E4200B7156B /* Resources */,
			);
			buildRules = (
			);
			dependencies = (
				489963C02D382E4200B7156B /* PBXTargetDependency */,
			);
			fileSystemSynchronizedGroups = (
				489963C12D382E4200B7156B /* accutaneDosageUITests */,
			);
			name = accutaneDosageUITests;
			packageProductDependencies = (
			);
			productName = accutaneDosageUITests;
			productReference = 489963BE2D382E4200B7156B /* accutaneDosageUITests.xctest */;
			productType = "com.apple.product-type.bundle.ui-testing";
		};
/* End PBXNativeTarget section */

/* Begin PBXProject section */
		4899639C2D382E4100B7156B /* Project object */ = {
			isa = PBXProject;
			attributes = {
				BuildIndependentTargetsInParallel = 1;
				LastSwiftUpdateCheck = 1620;
				LastUpgradeCheck = 1620;
				TargetAttributes = {
					489963A32D382E4100B7156B = {
						CreatedOnToolsVersion = 16.2;
					};
					489963B32D382E4200B7156B = {
						CreatedOnToolsVersion = 16.2;
						TestTargetID = 489963A32D382E4100B7156B;
					};
					489963BD2D382E4200B7156B = {
						CreatedOnToolsVersion = 16.2;
						TestTargetID = 489963A32D382E4100B7156B;
					};
				};
			};
			buildConfigurationList = 4899639F2D382E4100B7156B /* Build configuration list for PBXProject "accutaneDosage" */;
			developmentRegion = en;
			hasScannedForEncodings = 0;
			knownRegions = (
				en,
				Base,
			);
			mainGroup = 4899639B2D382E4100B7156B;
			minimizedProjectReferenceProxies = 1;
			packageReferences = (
				48F194822D3D80E1005D4FBA /* XCRemoteSwiftPackageReference "LazyPager" */,
				48F1948A2D3D8E39005D4FBA /* XCRemoteSwiftPackageReference "InteractiveImageView" */,
			);
			preferredProjectObjectVersion = 77;
			productRefGroup = 489963A52D382E4100B7156B /* Products */;
			projectDirPath = "";
			projectRoot = "";
			targets = (
				489963A32D382E4100B7156B /* accutaneDosage */,
				489963B32D382E4200B7156B /* accutaneDosageTests */,
				489963BD2D382E4200B7156B /* accutaneDosageUITests */,
			);
		};
/* End PBXProject section */

/* Begin PBXResourcesBuildPhase section */
		489963A22D382E4100B7156B /* Resources */ = {
			isa = PBXResourcesBuildPhase;
			buildActionMask = 2147483647;
			files = (
			);
			runOnlyForDeploymentPostprocessing = 0;
		};
		489963B22D382E4200B7156B /* Resources */ = {
			isa = PBXResourcesBuildPhase;
			buildActionMask = 2147483647;
			files = (
			);
			runOnlyForDeploymentPostprocessing = 0;
		};
		489963BC2D382E4200B7156B /* Resources */ = {
			isa = PBXResourcesBuildPhase;
			buildActionMask = 2147483647;
			files = (
			);
			runOnlyForDeploymentPostprocessing = 0;
		};
/* End PBXResourcesBuildPhase section */

/* Begin PBXSourcesBuildPhase section */
		489963A02D382E4100B7156B /* Sources */ = {
			isa = PBXSourcesBuildPhase;
			buildActionMask = 2147483647;
			files = (
			);
			runOnlyForDeploymentPostprocessing = 0;
		};
		489963B02D382E4200B7156B /* Sources */ = {
			isa = PBXSourcesBuildPhase;
			buildActionMask = 2147483647;
			files = (
			);
			runOnlyForDeploymentPostprocessing = 0;
		};
		489963BA2D382E4200B7156B /* Sources */ = {
			isa = PBXSourcesBuildPhase;
			buildActionMask = 2147483647;
			files = (
			);
			runOnlyForDeploymentPostprocessing = 0;
		};
/* End PBXSourcesBuildPhase section */

/* Begin PBXTargetDependency section */
		489963B62D382E4200B7156B /* PBXTargetDependency */ = {
			isa = PBXTargetDependency;
			target = 489963A32D382E4100B7156B /* accutaneDosage */;
			targetProxy = 489963B52D382E4200B7156B /* PBXContainerItemProxy */;
		};
		489963C02D382E4200B7156B /* PBXTargetDependency */ = {
			isa = PBXTargetDependency;
			target = 489963A32D382E4100B7156B /* accutaneDosage */;
			targetProxy = 489963BF2D382E4200B7156B /* PBXContainerItemProxy */;
		};
/* End PBXTargetDependency section */

/* Begin XCBuildConfiguration section */
		489963C62D382E4200B7156B /* Debug */ = {
			isa = XCBuildConfiguration;
			buildSettings = {
				ALWAYS_SEARCH_USER_PATHS = NO;
				ASSETCATALOG_COMPILER_GENERATE_SWIFT_ASSET_SYMBOL_EXTENSIONS = YES;
				CLANG_ANALYZER_NONNULL = YES;
				CLANG_ANALYZER_NUMBER_OBJECT_CONVERSION = YES_AGGRESSIVE;
				CLANG_CXX_LANGUAGE_STANDARD = "gnu++20";
				CLANG_ENABLE_MODULES = YES;
				CLANG_ENABLE_OBJC_ARC = YES;
				CLANG_ENABLE_OBJC_WEAK = YES;
				CLANG_WARN_BLOCK_CAPTURE_AUTORELEASING = YES;
				CLANG_WARN_BOOL_CONVERSION = YES;
				CLANG_WARN_COMMA = YES;
				CLANG_WARN_CONSTANT_CONVERSION = YES;
				CLANG_WARN_DEPRECATED_OBJC_IMPLEMENTATIONS = YES;
				CLANG_WARN_DIRECT_OBJC_ISA_USAGE = YES_ERROR;
				CLANG_WARN_DOCUMENTATION_COMMENTS = YES;
				CLANG_WARN_EMPTY_BODY = YES;
				CLANG_WARN_ENUM_CONVERSION = YES;
				CLANG_WARN_INFINITE_RECURSION = YES;
				CLANG_WARN_INT_CONVERSION = YES;
				CLANG_WARN_NON_LITERAL_NULL_CONVERSION = YES;
				CLANG_WARN_OBJC_IMPLICIT_RETAIN_SELF = YES;
				CLANG_WARN_OBJC_LITERAL_CONVERSION = YES;
				CLANG_WARN_OBJC_ROOT_CLASS = YES_ERROR;
				CLANG_WARN_QUOTED_INCLUDE_IN_FRAMEWORK_HEADER = YES;
				CLANG_WARN_RANGE_LOOP_ANALYSIS = YES;
				CLANG_WARN_STRICT_PROTOTYPES = YES;
				CLANG_WARN_SUSPICIOUS_MOVE = YES;
				CLANG_WARN_UNGUARDED_AVAILABILITY = YES_AGGRESSIVE;
				CLANG_WARN_UNREACHABLE_CODE = YES;
				CLANG_WARN__DUPLICATE_METHOD_MATCH = YES;
				COPY_PHASE_STRIP = NO;
				DEBUG_INFORMATION_FORMAT = dwarf;
				ENABLE_STRICT_OBJC_MSGSEND = YES;
				ENABLE_TESTABILITY = YES;
				ENABLE_USER_SCRIPT_SANDBOXING = YES;
				GCC_C_LANGUAGE_STANDARD = gnu17;
				GCC_DYNAMIC_NO_PIC = NO;
				GCC_NO_COMMON_BLOCKS = YES;
				GCC_OPTIMIZATION_LEVEL = 0;
				GCC_PREPROCESSOR_DEFINITIONS = (
					"DEBUG=1",
					"$(inherited)",
				);
				GCC_WARN_64_TO_32_BIT_CONVERSION = YES;
				GCC_WARN_ABOUT_RETURN_TYPE = YES_ERROR;
				GCC_WARN_UNDECLARED_SELECTOR = YES;
				GCC_WARN_UNINITIALIZED_AUTOS = YES_AGGRESSIVE;
				GCC_WARN_UNUSED_FUNCTION = YES;
				GCC_WARN_UNUSED_VARIABLE = YES;
				IPHONEOS_DEPLOYMENT_TARGET = 18.2;
				LOCALIZATION_PREFERS_STRING_CATALOGS = YES;
				MTL_ENABLE_DEBUG_INFO = INCLUDE_SOURCE;
				MTL_FAST_MATH = YES;
				ONLY_ACTIVE_ARCH = YES;
				SDKROOT = iphoneos;
				SWIFT_ACTIVE_COMPILATION_CONDITIONS = "DEBUG $(inherited)";
				SWIFT_OPTIMIZATION_LEVEL = "-Onone";
			};
			name = Debug;
		};
		489963C72D382E4200B7156B /* Release */ = {
			isa = XCBuildConfiguration;
			buildSettings = {
				ALWAYS_SEARCH_USER_PATHS = NO;
				ASSETCATALOG_COMPILER_GENERATE_SWIFT_ASSET_SYMBOL_EXTENSIONS = YES;
				CLANG_ANALYZER_NONNULL = YES;
				CLANG_ANALYZER_NUMBER_OBJECT_CONVERSION = YES_AGGRESSIVE;
				CLANG_CXX_LANGUAGE_STANDARD = "gnu++20";
				CLANG_ENABLE_MODULES = YES;
				CLANG_ENABLE_OBJC_ARC = YES;
				CLANG_ENABLE_OBJC_WEAK = YES;
				CLANG_WARN_BLOCK_CAPTURE_AUTORELEASING = YES;
				CLANG_WARN_BOOL_CONVERSION = YES;
				CLANG_WARN_COMMA = YES;
				CLANG_WARN_CONSTANT_CONVERSION = YES;
				CLANG_WARN_DEPRECATED_OBJC_IMPLEMENTATIONS = YES;
				CLANG_WARN_DIRECT_OBJC_ISA_USAGE = YES_ERROR;
				CLANG_WARN_DOCUMENTATION_COMMENTS = YES;
				CLANG_WARN_EMPTY_BODY = YES;
				CLANG_WARN_ENUM_CONVERSION = YES;
				CLANG_WARN_INFINITE_RECURSION = YES;
				CLANG_WARN_INT_CONVERSION = YES;
				CLANG_WARN_NON_LITERAL_NULL_CONVERSION = YES;
				CLANG_WARN_OBJC_IMPLICIT_RETAIN_SELF = YES;
				CLANG_WARN_OBJC_LITERAL_CONVERSION = YES;
				CLANG_WARN_OBJC_ROOT_CLASS = YES_ERROR;
				CLANG_WARN_QUOTED_INCLUDE_IN_FRAMEWORK_HEADER = YES;
				CLANG_WARN_RANGE_LOOP_ANALYSIS = YES;
				CLANG_WARN_STRICT_PROTOTYPES = YES;
				CLANG_WARN_SUSPICIOUS_MOVE = YES;
				CLANG_WARN_UNGUARDED_AVAILABILITY = YES_AGGRESSIVE;
				CLANG_WARN_UNREACHABLE_CODE = YES;
				CLANG_WARN__DUPLICATE_METHOD_MATCH = YES;
				COPY_PHASE_STRIP = NO;
				DEBUG_INFORMATION_FORMAT = "dwarf-with-dsym";
				ENABLE_NS_ASSERTIONS = NO;
				ENABLE_STRICT_OBJC_MSGSEND = YES;
				ENABLE_USER_SCRIPT_SANDBOXING = YES;
				GCC_C_LANGUAGE_STANDARD = gnu17;
				GCC_NO_COMMON_BLOCKS = YES;
				GCC_WARN_64_TO_32_BIT_CONVERSION = YES;
				GCC_WARN_ABOUT_RETURN_TYPE = YES_ERROR;
				GCC_WARN_UNDECLARED_SELECTOR = YES;
				GCC_WARN_UNINITIALIZED_AUTOS = YES_AGGRESSIVE;
				GCC_WARN_UNUSED_FUNCTION = YES;
				GCC_WARN_UNUSED_VARIABLE = YES;
				IPHONEOS_DEPLOYMENT_TARGET = 18.2;
				LOCALIZATION_PREFERS_STRING_CATALOGS = YES;
				MTL_ENABLE_DEBUG_INFO = NO;
				MTL_FAST_MATH = YES;
				SDKROOT = iphoneos;
				SWIFT_COMPILATION_MODE = wholemodule;
				VALIDATE_PRODUCT = YES;
			};
			name = Release;
		};
		489963C92D382E4200B7156B /* Debug */ = {
			isa = XCBuildConfiguration;
			buildSettings = {
				ASSETCATALOG_COMPILER_APPICON_NAME = AppIcon;
				ASSETCATALOG_COMPILER_GLOBAL_ACCENT_COLOR_NAME = AccentColor;
				CODE_SIGN_STYLE = Automatic;
				CURRENT_PROJECT_VERSION = 1;
				DEVELOPMENT_ASSET_PATHS = "\"accutaneDosage/Preview Content\"";
				DEVELOPMENT_TEAM = NQ4YZ8HQ9X;
				ENABLE_PREVIEWS = YES;
				GENERATE_INFOPLIST_FILE = YES;
				INFOPLIST_KEY_NSPhotoLibraryUsageDescription = "This app requires access to photo library to save dose-related images";
				INFOPLIST_KEY_UIApplicationSceneManifest_Generation = YES;
				INFOPLIST_KEY_UIApplicationSupportsIndirectInputEvents = YES;
				INFOPLIST_KEY_UILaunchScreen_Generation = YES;
				INFOPLIST_KEY_UISupportedInterfaceOrientations_iPad = "UIInterfaceOrientationPortrait UIInterfaceOrientationPortraitUpsideDown UIInterfaceOrientationLandscapeLeft UIInterfaceOrientationLandscapeRight";
				INFOPLIST_KEY_UISupportedInterfaceOrientations_iPhone = "UIInterfaceOrientationPortrait UIInterfaceOrientationLandscapeLeft UIInterfaceOrientationLandscapeRight";
				LD_RUNPATH_SEARCH_PATHS = (
					"$(inherited)",
					"@executable_path/Frameworks",
				);
				MARKETING_VERSION = 1.0;
				PRODUCT_BUNDLE_IDENTIFIER = ki.accutaneDosage;
				PRODUCT_NAME = "$(TARGET_NAME)";
				SWIFT_EMIT_LOC_STRINGS = YES;
				SWIFT_VERSION = 5.0;
				TARGETED_DEVICE_FAMILY = "1,2";
			};
			name = Debug;
		};
		489963CA2D382E4200B7156B /* Release */ = {
			isa = XCBuildConfiguration;
			buildSettings = {
				ASSETCATALOG_COMPILER_APPICON_NAME = AppIcon;
				ASSETCATALOG_COMPILER_GLOBAL_ACCENT_COLOR_NAME = AccentColor;
				CODE_SIGN_STYLE = Automatic;
				CURRENT_PROJECT_VERSION = 1;
				DEVELOPMENT_ASSET_PATHS = "\"accutaneDosage/Preview Content\"";
				DEVELOPMENT_TEAM = NQ4YZ8HQ9X;
				ENABLE_PREVIEWS = YES;
				GENERATE_INFOPLIST_FILE = YES;
				INFOPLIST_KEY_NSPhotoLibraryUsageDescription = "This app requires access to photo library to save dose-related images";
				INFOPLIST_KEY_UIApplicationSceneManifest_Generation = YES;
				INFOPLIST_KEY_UIApplicationSupportsIndirectInputEvents = YES;
				INFOPLIST_KEY_UILaunchScreen_Generation = YES;
				INFOPLIST_KEY_UISupportedInterfaceOrientations_iPad = "UIInterfaceOrientationPortrait UIInterfaceOrientationPortraitUpsideDown UIInterfaceOrientationLandscapeLeft UIInterfaceOrientationLandscapeRight";
				INFOPLIST_KEY_UISupportedInterfaceOrientations_iPhone = "UIInterfaceOrientationPortrait UIInterfaceOrientationLandscapeLeft UIInterfaceOrientationLandscapeRight";
				LD_RUNPATH_SEARCH_PATHS = (
					"$(inherited)",
					"@executable_path/Frameworks",
				);
				MARKETING_VERSION = 1.0;
				PRODUCT_BUNDLE_IDENTIFIER = ki.accutaneDosage;
				PRODUCT_NAME = "$(TARGET_NAME)";
				SWIFT_EMIT_LOC_STRINGS = YES;
				SWIFT_VERSION = 5.0;
				TARGETED_DEVICE_FAMILY = "1,2";
			};
			name = Release;
		};
		489963CC2D382E4200B7156B /* Debug */ = {
			isa = XCBuildConfiguration;
			buildSettings = {
				BUNDLE_LOADER = "$(TEST_HOST)";
				CODE_SIGN_STYLE = Automatic;
				CURRENT_PROJECT_VERSION = 1;
				DEVELOPMENT_TEAM = NQ4YZ8HQ9X;
				GENERATE_INFOPLIST_FILE = YES;
				IPHONEOS_DEPLOYMENT_TARGET = 18.2;
				MARKETING_VERSION = 1.0;
				PRODUCT_BUNDLE_IDENTIFIER = ki.accutaneDosageTests;
				PRODUCT_NAME = "$(TARGET_NAME)";
				SWIFT_EMIT_LOC_STRINGS = NO;
				SWIFT_VERSION = 5.0;
				TARGETED_DEVICE_FAMILY = "1,2";
				TEST_HOST = "$(BUILT_PRODUCTS_DIR)/accutaneDosage.app/$(BUNDLE_EXECUTABLE_FOLDER_PATH)/accutaneDosage";
			};
			name = Debug;
		};
		489963CD2D382E4200B7156B /* Release */ = {
			isa = XCBuildConfiguration;
			buildSettings = {
				BUNDLE_LOADER = "$(TEST_HOST)";
				CODE_SIGN_STYLE = Automatic;
				CURRENT_PROJECT_VERSION = 1;
				DEVELOPMENT_TEAM = NQ4YZ8HQ9X;
				GENERATE_INFOPLIST_FILE = YES;
				IPHONEOS_DEPLOYMENT_TARGET = 18.2;
				MARKETING_VERSION = 1.0;
				PRODUCT_BUNDLE_IDENTIFIER = ki.accutaneDosageTests;
				PRODUCT_NAME = "$(TARGET_NAME)";
				SWIFT_EMIT_LOC_STRINGS = NO;
				SWIFT_VERSION = 5.0;
				TARGETED_DEVICE_FAMILY = "1,2";
				TEST_HOST = "$(BUILT_PRODUCTS_DIR)/accutaneDosage.app/$(BUNDLE_EXECUTABLE_FOLDER_PATH)/accutaneDosage";
			};
			name = Release;
		};
		489963CF2D382E4200B7156B /* Debug */ = {
			isa = XCBuildConfiguration;
			buildSettings = {
				CODE_SIGN_STYLE = Automatic;
				CURRENT_PROJECT_VERSION = 1;
				DEVELOPMENT_TEAM = NQ4YZ8HQ9X;
				GENERATE_INFOPLIST_FILE = YES;
				MARKETING_VERSION = 1.0;
				PRODUCT_BUNDLE_IDENTIFIER = ki.accutaneDosageUITests;
				PRODUCT_NAME = "$(TARGET_NAME)";
				SWIFT_EMIT_LOC_STRINGS = NO;
				SWIFT_VERSION = 5.0;
				TARGETED_DEVICE_FAMILY = "1,2";
				TEST_TARGET_NAME = accutaneDosage;
			};
			name = Debug;
		};
		489963D02D382E4200B7156B /* Release */ = {
			isa = XCBuildConfiguration;
			buildSettings = {
				CODE_SIGN_STYLE = Automatic;
				CURRENT_PROJECT_VERSION = 1;
				DEVELOPMENT_TEAM = NQ4YZ8HQ9X;
				GENERATE_INFOPLIST_FILE = YES;
				MARKETING_VERSION = 1.0;
				PRODUCT_BUNDLE_IDENTIFIER = ki.accutaneDosageUITests;
				PRODUCT_NAME = "$(TARGET_NAME)";
				SWIFT_EMIT_LOC_STRINGS = NO;
				SWIFT_VERSION = 5.0;
				TARGETED_DEVICE_FAMILY = "1,2";
				TEST_TARGET_NAME = accutaneDosage;
			};
			name = Release;
		};
/* End XCBuildConfiguration section */

/* Begin XCConfigurationList section */
		4899639F2D382E4100B7156B /* Build configuration list for PBXProject "accutaneDosage" */ = {
			isa = XCConfigurationList;
			buildConfigurations = (
				489963C62D382E4200B7156B /* Debug */,
				489963C72D382E4200B7156B /* Release */,
			);
			defaultConfigurationIsVisible = 0;
			defaultConfigurationName = Release;
		};
		489963C82D382E4200B7156B /* Build configuration list for PBXNativeTarget "accutaneDosage" */ = {
			isa = XCConfigurationList;
			buildConfigurations = (
				489963C92D382E4200B7156B /* Debug */,
				489963CA2D382E4200B7156B /* Release */,
			);
			defaultConfigurationIsVisible = 0;
			defaultConfigurationName = Release;
		};
		489963CB2D382E4200B7156B /* Build configuration list for PBXNativeTarget "accutaneDosageTests" */ = {
			isa = XCConfigurationList;
			buildConfigurations = (
				489963CC2D382E4200B7156B /* Debug */,
				489963CD2D382E4200B7156B /* Release */,
			);
			defaultConfigurationIsVisible = 0;
			defaultConfigurationName = Release;
		};
		489963CE2D382E4200B7156B /* Build configuration list for PBXNativeTarget "accutaneDosageUITests" */ = {
			isa = XCConfigurationList;
			buildConfigurations = (
				489963CF2D382E4200B7156B /* Debug */,
				489963D02D382E4200B7156B /* Release */,
			);
			defaultConfigurationIsVisible = 0;
			defaultConfigurationName = Release;
		};
/* End XCConfigurationList section */

/* Begin XCRemoteSwiftPackageReference section */
		48F194822D3D80E1005D4FBA /* XCRemoteSwiftPackageReference "LazyPager" */ = {
			isa = XCRemoteSwiftPackageReference;
			repositoryURL = "https://github.com/gh123man/LazyPager";
			requirement = {
				kind = upToNextMajorVersion;
				minimumVersion = 1.1.7;
			};
		};
		48F1948A2D3D8E39005D4FBA /* XCRemoteSwiftPackageReference "InteractiveImageView" */ = {
			isa = XCRemoteSwiftPackageReference;
			repositoryURL = "https://github.com/vospennikov/InteractiveImageView.git";
			requirement = {
				kind = upToNextMajorVersion;
				minimumVersion = 1.1.0;
			};
		};
/* End XCRemoteSwiftPackageReference section */

/* Begin XCSwiftPackageProductDependency section */
		48F194832D3D80E1005D4FBA /* LazyPager */ = {
			isa = XCSwiftPackageProductDependency;
			package = 48F194822D3D80E1005D4FBA /* XCRemoteSwiftPackageReference "LazyPager" */;
			productName = LazyPager;
		};
		48F1948B2D3D8E39005D4FBA /* InteractiveImageView */ = {
			isa = XCSwiftPackageProductDependency;
			package = 48F1948A2D3D8E39005D4FBA /* XCRemoteSwiftPackageReference "InteractiveImageView" */;
			productName = InteractiveImageView;
		};
/* End XCSwiftPackageProductDependency section */
	};
	rootObject = 4899639C2D382E4100B7156B /* Project object */;
}
