{
  "originHash" : "7bf7bd6177293784c232e50dc00f77592c7b648ecef946ea18692a6692b967ec",
  "pins" : [
    {
      "identity" : "interactiveimageview",
      "kind" : "remoteSourceControl",
      "location" : "https://github.com/vospennikov/InteractiveImageView.git",
      "state" : {
        "revision" : "fd1f9bd318cb62a28e7499ff83b9466966ae0935",
        "version" : "1.1.0"
      }
    },
    {
      "identity" : "lazypager",
      "kind" : "remoteSourceControl",
      "location" : "https://github.com/gh123man/LazyPager",
      "state" : {
        "revision" : "3601245191ffb0aa237ca408d7b4dd03b4d9d7eb",
        "version" : "1.1.7"
      }
    }
  ],
  "version" : 3
}
